// !$*UTF8*$!
{
	archiveVersion = 1;
	classes = {
	};
	objectVersion = 50;
	objects = {

/* Begin PBXBuildFile section */
		8493846321129AAB00A3C794 /* AppDelegate.swift in Sources */ = {isa = PBXBuildFile; fileRef = 8493846221129AAB00A3C794 /* AppDelegate.swift */; };
		8493846521129AAB00A3C794 /* ViewController.swift in Sources */ = {isa = PBXBuildFile; fileRef = 8493846421129AAB00A3C794 /* ViewController.swift */; };
		8493846821129AAB00A3C794 /* Main.storyboard in Resources */ = {isa = PBXBuildFile; fileRef = 8493846621129AAB00A3C794 /* Main.storyboard */; };
		8493846A21129AAC00A3C794 /* Assets.xcassets in Resources */ = {isa = PBXBuildFile; fileRef = 8493846921129AAC00A3C794 /* Assets.xcassets */; };
		8493846D21129AAC00A3C794 /* LaunchScreen.storyboard in Resources */ = {isa = PBXBuildFile; fileRef = 8493846B21129AAC00A3C794 /* LaunchScreen.storyboard */; };
		8493847821129AAC00A3C794 /* SearchTableViewControllerTests.swift in Sources */ = {isa = PBXBuildFile; fileRef = 8493847721129AAC00A3C794 /* SearchTableViewControllerTests.swift */; };
/* End PBXBuildFile section */

/* Begin PBXContainerItemProxy section */
		8493847421129AAC00A3C794 /* PBXContainerItemProxy */ = {
			isa = PBXContainerItemProxy;
			containerPortal = 8493845721129AAB00A3C794 /* Project object */;
			proxyType = 1;
			remoteGlobalIDString = 8493845E21129AAB00A3C794;
			remoteInfo = SearchTableViewController;
		};
/* End PBXContainerItemProxy section */

/* Begin PBXFileReference section */
		8493845F21129AAB00A3C794 /* SearchTableViewController.app */ = {isa = PBXFileReference; explicitFileType = wrapper.application; includeInIndex = 0; path = SearchTableViewController.app; sourceTree = BUILT_PRODUCTS_DIR; };
		8493846221129AAB00A3C794 /* AppDelegate.swift */ = {isa = PBXFileReference; lastKnownFileType = sourcecode.swift; path = AppDelegate.swift; sourceTree = "<group>"; };
		8493846421129AAB00A3C794 /* ViewController.swift */ = {isa = PBXFileReference; lastKnownFileType = sourcecode.swift; path = ViewController.swift; sourceTree = "<group>"; };
		8493846721129AAB00A3C794 /* Base */ = {isa = PBXFileReference; lastKnownFileType = file.storyboard; name = Base; path = Base.lproj/Main.storyboard; sourceTree = "<group>"; };
		8493846921129AAC00A3C794 /* Assets.xcassets */ = {isa = PBXFileReference; lastKnownFileType = folder.assetcatalog; path = Assets.xcassets; sourceTree = "<group>"; };
		8493846C21129AAC00A3C794 /* Base */ = {isa = PBXFileReference; lastKnownFileType = file.storyboard; name = Base; path = Base.lproj/LaunchScreen.storyboard; sourceTree = "<group>"; };
		8493846E21129AAC00A3C794 /* Info.plist */ = {isa = PBXFileReference; lastKnownFileType = text.plist.xml; path = Info.plist; sourceTree = "<group>"; };
		8493847321129AAC00A3C794 /* SearchTableViewControllerTests.xctest */ = {isa = PBXFileReference; explicitFileType = wrapper.cfbundle; includeInIndex = 0; path = SearchTableViewControllerTests.xctest; sourceTree = BUILT_PRODUCTS_DIR; };
		8493847721129AAC00A3C794 /* SearchTableViewControllerTests.swift */ = {isa = PBXFileReference; lastKnownFileType = sourcecode.swift; path = SearchTableViewControllerTests.swift; sourceTree = "<group>"; };
		8493847921129AAC00A3C794 /* Info.plist */ = {isa = PBXFileReference; lastKnownFileType = text.plist.xml; path = Info.plist; sourceTree = "<group>"; };
/* End PBXFileReference section */

/* Begin PBXFrameworksBuildPhase section */
		8493845C21129AAB00A3C794 /* Frameworks */ = {
			isa = PBXFrameworksBuildPhase;
			buildActionMask = 2147483647;
			files = (
			);
			runOnlyForDeploymentPostprocessing = 0;
		};
		8493847021129AAC00A3C794 /* Frameworks */ = {
			isa = PBXFrameworksBuildPhase;
			buildActionMask = 2147483647;
			files = (
			);
			runOnlyForDeploymentPostprocessing = 0;
		};
/* End PBXFrameworksBuildPhase section */

/* Begin PBXGroup section */
		8493845621129AAB00A3C794 = {
			isa = PBXGroup;
			children = (
				8493846121129AAB00A3C794 /* SearchTableViewController */,
				8493847621129AAC00A3C794 /* SearchTableViewControllerTests */,
				8493846021129AAB00A3C794 /* Products */,
			);
			sourceTree = "<group>";
		};
		8493846021129AAB00A3C794 /* Products */ = {
			isa = PBXGroup;
			children = (
				8493845F21129AAB00A3C794 /* SearchTableViewController.app */,
				8493847321129AAC00A3C794 /* SearchTableViewControllerTests.xctest */,
			);
			name = Products;
			sourceTree = "<group>";
		};
		8493846121129AAB00A3C794 /* SearchTableViewController */ = {
			isa = PBXGroup;
			children = (
				8493846221129AAB00A3C794 /* AppDelegate.swift */,
				8493846421129AAB00A3C794 /* ViewController.swift */,
				8493846621129AAB00A3C794 /* Main.storyboard */,
				8493846921129AAC00A3C794 /* Assets.xcassets */,
				8493846B21129AAC00A3C794 /* LaunchScreen.storyboard */,
				8493846E21129AAC00A3C794 /* Info.plist */,
			);
			path = SearchTableViewController;
			sourceTree = "<group>";
		};
		8493847621129AAC00A3C794 /* SearchTableViewControllerTests */ = {
			isa = PBXGroup;
			children = (
				8493847721129AAC00A3C794 /* SearchTableViewControllerTests.swift */,
				8493847921129AAC00A3C794 /* Info.plist */,
			);
			path = SearchTableViewControllerTests;
			sourceTree = "<group>";
		};
/* End PBXGroup section */

/* Begin PBXNativeTarget section */
		8493845E21129AAB00A3C794 /* SearchTableViewController */ = {
			isa = PBXNativeTarget;
			buildConfigurationList = 8493847C21129AAC00A3C794 /* Build configuration list for PBXNativeTarget "SearchTableViewController" */;
			buildPhases = (
				8493845B21129AAB00A3C794 /* Sources */,
				8493845C21129AAB00A3C794 /* Frameworks */,
				8493845D21129AAB00A3C794 /* Resources */,
			);
			buildRules = (
			);
			dependencies = (
			);
			name = SearchTableViewController;
			productName = SearchTableViewController;
			productReference = 8493845F21129AAB00A3C794 /* SearchTableViewController.app */;
			productType = "com.apple.product-type.application";
		};
		8493847221129AAC00A3C794 /* SearchTableViewControllerTests */ = {
			isa = PBXNativeTarget;
			buildConfigurationList = 8493847F21129AAC00A3C794 /* Build configuration list for PBXNativeTarget "SearchTableViewControllerTests" */;
			buildPhases = (
				8493846F21129AAC00A3C794 /* Sources */,
				8493847021129AAC00A3C794 /* Frameworks */,
				8493847121129AAC00A3C794 /* Resources */,
			);
			buildRules = (
			);
			dependencies = (
				8493847521129AAC00A3C794 /* PBXTargetDependency */,
			);
			name = SearchTableViewControllerTests;
			productName = SearchTableViewControllerTests;
			productReference = 8493847321129AAC00A3C794 /* SearchTableViewControllerTests.xctest */;
			productType = "com.apple.product-type.bundle.unit-test";
		};
/* End PBXNativeTarget section */

/* Begin PBXProject section */
		8493845721129AAB00A3C794 /* Project object */ = {
			isa = PBXProject;
			attributes = {
				LastSwiftUpdateCheck = 0940;
				LastUpgradeCheck = 0940;
				ORGANIZATIONNAME = admin;
				TargetAttributes = {
					8493845E21129AAB00A3C794 = {
						CreatedOnToolsVersion = 9.4.1;
					};
					8493847221129AAC00A3C794 = {
						CreatedOnToolsVersion = 9.4.1;
						TestTargetID = 8493845E21129AAB00A3C794;
					};
				};
			};
			buildConfigurationList = 8493845A21129AAB00A3C794 /* Build configuration list for PBXProject "SearchTableViewController" */;
			compatibilityVersion = "Xcode 9.3";
			developmentRegion = en;
			hasScannedForEncodings = 0;
			knownRegions = (
				en,
				Base,
			);
			mainGroup = 8493845621129AAB00A3C794;
			productRefGroup = 8493846021129AAB00A3C794 /* Products */;
			projectDirPath = "";
			projectRoot = "";
			targets = (
				8493845E21129AAB00A3C794 /* SearchTableViewController */,
				8493847221129AAC00A3C794 /* SearchTableViewControllerTests */,
			);
		};
/* End PBXProject section */

/* Begin PBXResourcesBuildPhase section */
		8493845D21129AAB00A3C794 /* Resources */ = {
			isa = PBXResourcesBuildPhase;
			buildActionMask = 2147483647;
			files = (
				8493846D21129AAC00A3C794 /* LaunchScreen.storyboard in Resources */,
				8493846A21129AAC00A3C794 /* Assets.xcassets in Resources */,
				8493846821129AAB00A3C794 /* Main.storyboard in Resources */,
			);
			runOnlyForDeploymentPostprocessing = 0;
		};
		8493847121129AAC00A3C794 /* Resources */ = {
			isa = PBXResourcesBuildPhase;
			buildActionMask = 2147483647;
			files = (
			);
			runOnlyForDeploymentPostprocessing = 0;
		};
/* End PBXResourcesBuildPhase section */

/* Begin PBXSourcesBuildPhase section */
		8493845B21129AAB00A3C794 /* Sources */ = {
			isa = PBXSourcesBuildPhase;
			buildActionMask = 2147483647;
			files = (
				8493846521129AAB00A3C794 /* ViewController.swift in Sources */,
				8493846321129AAB00A3C794 /* AppDelegate.swift in Sources */,
			);
			runOnlyForDeploymentPostprocessing = 0;
		};
		8493846F21129AAC00A3C794 /* Sources */ = {
			isa = PBXSourcesBuildPhase;
			buildActionMask = 2147483647;
			files = (
				8493847821129AAC00A3C794 /* SearchTableViewControllerTests.swift in Sources */,
			);
			runOnlyForDeploymentPostprocessing = 0;
		};
/* End PBXSourcesBuildPhase section */

/* Begin PBXTargetDependency section */
		8493847521129AAC00A3C794 /* PBXTargetDependency */ = {
			isa = PBXTargetDependency;
			target = 8493845E21129AAB00A3C794 /* SearchTableViewController */;
			targetProxy = 8493847421129AAC00A3C794 /* PBXContainerItemProxy */;
		};
/* End PBXTargetDependency section */

/* Begin PBXVariantGroup section */
		8493846621129AAB00A3C794 /* Main.storyboard */ = {
			isa = PBXVariantGroup;
			children = (
				8493846721129AAB00A3C794 /* Base */,
			);
			name = Main.storyboard;
			sourceTree = "<group>";
		};
		8493846B21129AAC00A3C794 /* LaunchScreen.storyboard */ = {
			isa = PBXVariantGroup;
			children = (
				8493846C21129AAC00A3C794 /* Base */,
			);
			name = LaunchScreen.storyboard;
			sourceTree = "<group>";
		};
/* End PBXVariantGroup section */

/* Begin XCBuildConfiguration section */
		8493847A21129AAC00A3C794 /* Debug */ = {
			isa = XCBuildConfiguration;
			buildSettings = {
				ALWAYS_SEARCH_USER_PATHS = NO;
				CLANG_ANALYZER_NONNULL = YES;
				CLANG_ANALYZER_NUMBER_OBJECT_CONVERSION = YES_AGGRESSIVE;
				CLANG_CXX_LANGUAGE_STANDARD = "gnu++14";
				CLANG_CXX_LIBRARY = "libc++";
				CLANG_ENABLE_MODULES = YES;
				CLANG_ENABLE_OBJC_ARC = YES;
				CLANG_ENABLE_OBJC_WEAK = YES;
				CLANG_WARN_BLOCK_CAPTURE_AUTORELEASING = YES;
				CLANG_WARN_BOOL_CONVERSION = YES;
				CLANG_WARN_COMMA = YES;
				CLANG_WARN_CONSTANT_CONVERSION = YES;
				CLANG_WARN_DEPRECATED_OBJC_IMPLEMENTATIONS = YES;
				CLANG_WARN_DIRECT_OBJC_ISA_USAGE = YES_ERROR;
				CLANG_WARN_DOCUMENTATION_COMMENTS = YES;
				CLANG_WARN_EMPTY_BODY = YES;
				CLANG_WARN_ENUM_CONVERSION = YES;
				CLANG_WARN_INFINITE_RECURSION = YES;
				CLANG_WARN_INT_CONVERSION = YES;
				CLANG_WARN_NON_LITERAL_NULL_CONVERSION = YES;
				CLANG_WARN_OBJC_IMPLICIT_RETAIN_SELF = YES;
				CLANG_WARN_OBJC_LITERAL_CONVERSION = YES;
				CLANG_WARN_OBJC_ROOT_CLASS = YES_ERROR;
				CLANG_WARN_RANGE_LOOP_ANALYSIS = YES;
				CLANG_WARN_STRICT_PROTOTYPES = YES;
				CLANG_WARN_SUSPICIOUS_MOVE = YES;
				CLANG_WARN_UNGUARDED_AVAILABILITY = YES_AGGRESSIVE;
				CLANG_WARN_UNREACHABLE_CODE = YES;
				CLANG_WARN__DUPLICATE_METHOD_MATCH = YES;
				CODE_SIGN_IDENTITY = "iPhone Developer";
				COPY_PHASE_STRIP = NO;
				DEBUG_INFORMATION_FORMAT = dwarf;
				ENABLE_STRICT_OBJC_MSGSEND = YES;
				ENABLE_TESTABILITY = YES;
				GCC_C_LANGUAGE_STANDARD = gnu11;
				GCC_DYNAMIC_NO_PIC = NO;
				GCC_NO_COMMON_BLOCKS = YES;
				GCC_OPTIMIZATION_LEVEL = 0;
				GCC_PREPROCESSOR_DEFINITIONS = (
					"DEBUG=1",
					"$(inherited)",
				);
				GCC_WARN_64_TO_32_BIT_CONVERSION = YES;
				GCC_WARN_ABOUT_RETURN_TYPE = YES_ERROR;
				GCC_WARN_UNDECLARED_SELECTOR = YES;
				GCC_WARN_UNINITIALIZED_AUTOS = YES_AGGRESSIVE;
				GCC_WARN_UNUSED_FUNCTION = YES;
				GCC_WARN_UNUSED_VARIABLE = YES;
				IPHONEOS_DEPLOYMENT_TARGET = 11.4;
				MTL_ENABLE_DEBUG_INFO = YES;
				ONLY_ACTIVE_ARCH = YES;
				SDKROOT = iphoneos;
				SWIFT_ACTIVE_COMPILATION_CONDITIONS = DEBUG;
				SWIFT_OPTIMIZATION_LEVEL = "-Onone";
			};
			name = Debug;
		};
		8493847B21129AAC00A3C794 /* Release */ = {
			isa = XCBuildConfiguration;
			buildSettings = {
				ALWAYS_SEARCH_USER_PATHS = NO;
				CLANG_ANALYZER_NONNULL = YES;
				CLANG_ANALYZER_NUMBER_OBJECT_CONVERSION = YES_AGGRESSIVE;
				CLANG_CXX_LANGUAGE_STANDARD = "gnu++14";
				CLANG_CXX_LIBRARY = "libc++";
				CLANG_ENABLE_MODULES = YES;
				CLANG_ENABLE_OBJC_ARC = YES;
				CLANG_ENABLE_OBJC_WEAK = YES;
				CLANG_WARN_BLOCK_CAPTURE_AUTORELEASING = YES;
				CLANG_WARN_BOOL_CONVERSION = YES;
				CLANG_WARN_COMMA = YES;
				CLANG_WARN_CONSTANT_CONVERSION = YES;
				CLANG_WARN_DEPRECATED_OBJC_IMPLEMENTATIONS = YES;
				CLANG_WARN_DIRECT_OBJC_ISA_USAGE = YES_ERROR;
				CLANG_WARN_DOCUMENTATION_COMMENTS = YES;
				CLANG_WARN_EMPTY_BODY = YES;
				CLANG_WARN_ENUM_CONVERSION = YES;
				CLANG_WARN_INFINITE_RECURSION = YES;
				CLANG_WARN_INT_CONVERSION = YES;
				CLANG_WARN_NON_LITERAL_NULL_CONVERSION = YES;
				CLANG_WARN_OBJC_IMPLICIT_RETAIN_SELF = YES;
				CLANG_WARN_OBJC_LITERAL_CONVERSION = YES;
				CLANG_WARN_OBJC_ROOT_CLASS = YES_ERROR;
				CLANG_WARN_RANGE_LOOP_ANALYSIS = YES;
				CLANG_WARN_STRICT_PROTOTYPES = YES;
				CLANG_WARN_SUSPICIOUS_MOVE = YES;
				CLANG_WARN_UNGUARDED_AVAILABILITY = YES_AGGRESSIVE;
				CLANG_WARN_UNREACHABLE_CODE = YES;
				CLANG_WARN__DUPLICATE_METHOD_MATCH = YES;
				CODE_SIGN_IDENTITY = "iPhone Developer";
				COPY_PHASE_STRIP = NO;
				DEBUG_INFORMATION_FORMAT = "dwarf-with-dsym";
				ENABLE_NS_ASSERTIONS = NO;
				ENABLE_STRICT_OBJC_MSGSEND = YES;
				GCC_C_LANGUAGE_STANDARD = gnu11;
				GCC_NO_COMMON_BLOCKS = YES;
				GCC_WARN_64_TO_32_BIT_CONVERSION = YES;
				GCC_WARN_ABOUT_RETURN_TYPE = YES_ERROR;
				GCC_WARN_UNDECLARED_SELECTOR = YES;
				GCC_WARN_UNINITIALIZED_AUTOS = YES_AGGRESSIVE;
				GCC_WARN_UNUSED_FUNCTION = YES;
				GCC_WARN_UNUSED_VARIABLE = YES;
				IPHONEOS_DEPLOYMENT_TARGET = 11.4;
				MTL_ENABLE_DEBUG_INFO = NO;
				SDKROOT = iphoneos;
				SWIFT_COMPILATION_MODE = wholemodule;
				SWIFT_OPTIMIZATION_LEVEL = "-O";
				VALIDATE_PRODUCT = YES;
			};
			name = Release;
		};
		8493847D21129AAC00A3C794 /* Debug */ = {
			isa = XCBuildConfiguration;
			buildSettings = {
				ASSETCATALOG_COMPILER_APPICON_NAME = AppIcon;
				CODE_SIGN_STYLE = Automatic;
				INFOPLIST_FILE = SearchTableViewController/Info.plist;
				LD_RUNPATH_SEARCH_PATHS = (
					"$(inherited)",
					"@executable_path/Frameworks",
				);
				PRODUCT_BUNDLE_IDENTIFIER = com.hongchinh.SearchTableViewController;
				PRODUCT_NAME = "$(TARGET_NAME)";
				SWIFT_VERSION = 4.0;
				TARGETED_DEVICE_FAMILY = "1,2";
			};
			name = Debug;
		};
		8493847E21129AAC00A3C794 /* Release */ = {
			isa = XCBuildConfiguration;
			buildSettings = {
				ASSETCATALOG_COMPILER_APPICON_NAME = AppIcon;
				CODE_SIGN_STYLE = Automatic;
				INFOPLIST_FILE = SearchTableViewController/Info.plist;
				LD_RUNPATH_SEARCH_PATHS = (
					"$(inherited)",
					"@executable_path/Frameworks",
				);
				PRODUCT_BUNDLE_IDENTIFIER = com.hongchinh.SearchTableViewController;
				PRODUCT_NAME = "$(TARGET_NAME)";
				SWIFT_VERSION = 4.0;
				TARGETED_DEVICE_FAMILY = "1,2";
			};
			name = Release;
		};
		8493848021129AAC00A3C794 /* Debug */ = {
			isa = XCBuildConfiguration;
			buildSettings = {
				ALWAYS_EMBED_SWIFT_STANDARD_LIBRARIES = YES;
				BUNDLE_LOADER = "$(TEST_HOST)";
				CODE_SIGN_STYLE = Automatic;
				INFOPLIST_FILE = SearchTableViewControllerTests/Info.plist;
				LD_RUNPATH_SEARCH_PATHS = (
					"$(inherited)",
					"@executable_path/Frameworks",
					"@loader_path/Frameworks",
				);
				PRODUCT_BUNDLE_IDENTIFIER = com.hongchinh.SearchTableViewControllerTests;
				PRODUCT_NAME = "$(TARGET_NAME)";
				SWIFT_VERSION = 4.0;
				TARGETED_DEVICE_FAMILY = "1,2";
				TEST_HOST = "$(BUILT_PRODUCTS_DIR)/SearchTableViewController.app/SearchTableViewController";
			};
			name = Debug;
		};
		8493848121129AAC00A3C794 /* Release */ = {
			isa = XCBuildConfiguration;
			buildSettings = {
				ALWAYS_EMBED_SWIFT_STANDARD_LIBRARIES = YES;
				BUNDLE_LOADER = "$(TEST_HOST)";
				CODE_SIGN_STYLE = Automatic;
				INFOPLIST_FILE = SearchTableViewControllerTests/Info.plist;
				LD_RUNPATH_SEARCH_PATHS = (
					"$(inherited)",
					"@executable_path/Frameworks",
					"@loader_path/Frameworks",
				);
				PRODUCT_BUNDLE_IDENTIFIER = com.hongchinh.SearchTableViewControllerTests;
				PRODUCT_NAME = "$(TARGET_NAME)";
				SWIFT_VERSION = 4.0;
				TARGETED_DEVICE_FAMILY = "1,2";
				TEST_HOST = "$(BUILT_PRODUCTS_DIR)/SearchTableViewController.app/SearchTableViewController";
			};
			name = Release;
		};
/* End XCBuildConfiguration section */

/* Begin XCConfigurationList section */
		8493845A21129AAB00A3C794 /* Build configuration list for PBXProject "SearchTableViewController" */ = {
			isa = XCConfigurationList;
			buildConfigurations = (
				8493847A21129AAC00A3C794 /* Debug */,
				8493847B21129AAC00A3C794 /* Release */,
			);
			defaultConfigurationIsVisible = 0;
			defaultConfigurationName = Release;
		};
		8493847C21129AAC00A3C794 /* Build configuration list for PBXNativeTarget "SearchTableViewController" */ = {
			isa = XCConfigurationList;
			buildConfigurations = (
				8493847D21129AAC00A3C794 /* Debug */,
				8493847E21129AAC00A3C794 /* Release */,
			);
			defaultConfigurationIsVisible = 0;
			defaultConfigurationName = Release;
		};
		8493847F21129AAC00A3C794 /* Build configuration list for PBXNativeTarget "SearchTableViewControllerTests" */ = {
			isa = XCConfigurationList;
			buildConfigurations = (
				8493848021129AAC00A3C794 /* Debug */,
				8493848121129AAC00A3C794 /* Release */,
			);
			defaultConfigurationIsVisible = 0;
			defaultConfigurationName = Release;
		};
/* End XCConfigurationList section */
	};
	rootObject = 8493845721129AAB00A3C794 /* Project object */;
}
